{
  "name": "@ludlovian/gsheet",
  "version": "0.4.3",
  "lockfileVersion": 3,
  "requires": true,
  "packages": {
    "": {
      "name": "@ludlovian/gsheet",
      "version": "0.4.3",
      "dependencies": {
        "@ludlovian/configure": "file:../configure",
        "@ludlovian/debug": "file:../debug",
        "@ludlovian/jeeves": "file:../jeeves"
      }
    },
    "../configure": {
      "name": "@ludlovian/configure",
      "version": "0.6.2",
      "license": "Unlicense",
      "dependencies": {
        "@ludlovian/camel": "file:../camel",
        "@ludlovian/guess": "file:../guess",
        "@lukeed/ms": "^2.0.2"
      }
    },
    "../debug": {
      "name": "@ludlovian/debug",
      "version": "0.2.2",
      "license": "Unlicense"
    },
    "../jeeves": {
      "name": "@ludlovian/jeeves",
      "version": "0.1.1"
    },
    "node_modules/@ludlovian/configure": {
      "resolved": "../configure",
      "link": true
    },
    "node_modules/@ludlovian/debug": {
      "resolved": "../debug",
      "link": true
    },
    "node_modules/@ludlovian/jeeves": {
      "resolved": "../jeeves",
      "link": true
    }
  }
}
