lockfileVersion: '9.0'

settings:
  autoInstallPeers: true
  excludeLinksFromLockfile: false

importers:

  .:
    dependencies:
      '@ludlovian/configure':
        specifier: link:../configure
        version: link:../configure
      '@ludlovian/debug':
        specifier: link:../debug
        version: link:../debug
